// !$*UTF8*$!
{
	archiveVersion = 1;
	classes = {
	};
	objectVersion = 56;
	objects = {

/* Begin PBXBuildFile section */
		0C618D7F2A138B5F00A6D186 /* Word_list_AppApp.swift in Sources */ = {isa = PBXBuildFile; fileRef = 0C618D7E2A138B5F00A6D186 /* Word_list_AppApp.swift */; };
		0C618D812A138B5F00A6D186 /* ContentView.swift in Sources */ = {isa = PBXBuildFile; fileRef = 0C618D802A138B5F00A6D186 /* ContentView.swift */; };
		0C618D832A138B6000A6D186 /* Assets.xcassets in Resources */ = {isa = PBXBuildFile; fileRef = 0C618D822A138B6000A6D186 /* Assets.xcassets */; };
		0C618D862A138B6000A6D186 /* Preview Assets.xcassets in Resources */ = {isa = PBXBuildFile; fileRef = 0C618D852A138B6000A6D186 /* Preview Assets.xcassets */; };
		0C618D942A138BAC00A6D186 /* Word_list_Cell.swift in Sources */ = {isa = PBXBuildFile; fileRef = 0C618D932A138BAC00A6D186 /* Word_list_Cell.swift */; };
		0C618D962A138BD800A6D186 /* Word_Detail_View.swift in Sources */ = {isa = PBXBuildFile; fileRef = 0C618D952A138BD800A6D186 /* Word_Detail_View.swift */; };
		0C618D982A138BEE00A6D186 /* Word_Add_View.swift in Sources */ = {isa = PBXBuildFile; fileRef = 0C618D972A138BEE00A6D186 /* Word_Add_View.swift */; };
		0C618D9A2A138BFA00A6D186 /* Word_Edit_View.swift in Sources */ = {isa = PBXBuildFile; fileRef = 0C618D992A138BFA00A6D186 /* Word_Edit_View.swift */; };
		0C618D9C2A138C3B00A6D186 /* Words.swift in Sources */ = {isa = PBXBuildFile; fileRef = 0C618D9B2A138C3B00A6D186 /* Words.swift */; };
		0C618D9F2A138C8200A6D186 /* Realm in Frameworks */ = {isa = PBXBuildFile; productRef = 0C618D9E2A138C8200A6D186 /* Realm */; };
		0C618DA12A138C8200A6D186 /* RealmSwift in Frameworks */ = {isa = PBXBuildFile; productRef = 0C618DA02A138C8200A6D186 /* RealmSwift */; };
		0C618DA32A138CC800A6D186 /* Word_ViewModel.swift in Sources */ = {isa = PBXBuildFile; fileRef = 0C618DA22A138CC800A6D186 /* Word_ViewModel.swift */; };
		0C618DA52A1396C700A6D186 /* PapagoNetworkManager.swift in Sources */ = {isa = PBXBuildFile; fileRef = 0C618DA42A1396C700A6D186 /* PapagoNetworkManager.swift */; };
/* End PBXBuildFile section */

/* Begin PBXFileReference section */
		0C618D7B2A138B5F00A6D186 /* Word_list_App.app */ = {isa = PBXFileReference; explicitFileType = wrapper.application; includeInIndex = 0; path = Word_list_App.app; sourceTree = BUILT_PRODUCTS_DIR; };
		0C618D7E2A138B5F00A6D186 /* Word_list_AppApp.swift */ = {isa = PBXFileReference; lastKnownFileType = sourcecode.swift; path = Word_list_AppApp.swift; sourceTree = "<group>"; };
		0C618D802A138B5F00A6D186 /* ContentView.swift */ = {isa = PBXFileReference; lastKnownFileType = sourcecode.swift; path = ContentView.swift; sourceTree = "<group>"; };
		0C618D822A138B6000A6D186 /* Assets.xcassets */ = {isa = PBXFileReference; lastKnownFileType = folder.assetcatalog; path = Assets.xcassets; sourceTree = "<group>"; };
		0C618D852A138B6000A6D186 /* Preview Assets.xcassets */ = {isa = PBXFileReference; lastKnownFileType = folder.assetcatalog; path = "Preview Assets.xcassets"; sourceTree = "<group>"; };
		0C618D932A138BAC00A6D186 /* Word_list_Cell.swift */ = {isa = PBXFileReference; lastKnownFileType = sourcecode.swift; path = Word_list_Cell.swift; sourceTree = "<group>"; };
		0C618D952A138BD800A6D186 /* Word_Detail_View.swift */ = {isa = PBXFileReference; lastKnownFileType = sourcecode.swift; path = Word_Detail_View.swift; sourceTree = "<group>"; };
		0C618D972A138BEE00A6D186 /* Word_Add_View.swift */ = {isa = PBXFileReference; lastKnownFileType = sourcecode.swift; path = Word_Add_View.swift; sourceTree = "<group>"; };
		0C618D992A138BFA00A6D186 /* Word_Edit_View.swift */ = {isa = PBXFileReference; lastKnownFileType = sourcecode.swift; path = Word_Edit_View.swift; sourceTree = "<group>"; };
		0C618D9B2A138C3B00A6D186 /* Words.swift */ = {isa = PBXFileReference; lastKnownFileType = sourcecode.swift; path = Words.swift; sourceTree = "<group>"; };
		0C618DA22A138CC800A6D186 /* Word_ViewModel.swift */ = {isa = PBXFileReference; lastKnownFileType = sourcecode.swift; path = Word_ViewModel.swift; sourceTree = "<group>"; };
		0C618DA42A1396C700A6D186 /* PapagoNetworkManager.swift */ = {isa = PBXFileReference; lastKnownFileType = sourcecode.swift; path = PapagoNetworkManager.swift; sourceTree = "<group>"; };
/* End PBXFileReference section */

/* Begin PBXFrameworksBuildPhase section */
		0C618D782A138B5F00A6D186 /* Frameworks */ = {
			isa = PBXFrameworksBuildPhase;
			buildActionMask = 2147483647;
			files = (
				0C618DA12A138C8200A6D186 /* RealmSwift in Frameworks */,
				0C618D9F2A138C8200A6D186 /* Realm in Frameworks */,
			);
			runOnlyForDeploymentPostprocessing = 0;
		};
/* End PBXFrameworksBuildPhase section */

/* Begin PBXGroup section */
		0C618D722A138B5F00A6D186 = {
			isa = PBXGroup;
			children = (
				0C618D7D2A138B5F00A6D186 /* Word_list_App */,
				0C618D7C2A138B5F00A6D186 /* Products */,
			);
			sourceTree = "<group>";
		};
		0C618D7C2A138B5F00A6D186 /* Products */ = {
			isa = PBXGroup;
			children = (
				0C618D7B2A138B5F00A6D186 /* Word_list_App.app */,
			);
			name = Products;
			sourceTree = "<group>";
		};
		0C618D7D2A138B5F00A6D186 /* Word_list_App */ = {
			isa = PBXGroup;
			children = (
				0C618D922A138B7E00A6D186 /* VIewModel */,
				0C618D912A138B7700A6D186 /* View */,
				0C618D7E2A138B5F00A6D186 /* Word_list_AppApp.swift */,
				0C618D802A138B5F00A6D186 /* ContentView.swift */,
				0C618D9B2A138C3B00A6D186 /* Words.swift */,
				0C618D822A138B6000A6D186 /* Assets.xcassets */,
				0C618D842A138B6000A6D186 /* Preview Content */,
			);
			path = Word_list_App;
			sourceTree = "<group>";
		};
		0C618D842A138B6000A6D186 /* Preview Content */ = {
			isa = PBXGroup;
			children = (
				0C618D852A138B6000A6D186 /* Preview Assets.xcassets */,
			);
			path = "Preview Content";
			sourceTree = "<group>";
		};
		0C618D912A138B7700A6D186 /* View */ = {
			isa = PBXGroup;
			children = (
				0C618D932A138BAC00A6D186 /* Word_list_Cell.swift */,
				0C618D952A138BD800A6D186 /* Word_Detail_View.swift */,
				0C618D972A138BEE00A6D186 /* Word_Add_View.swift */,
				0C618D992A138BFA00A6D186 /* Word_Edit_View.swift */,
			);
			path = View;
			sourceTree = "<group>";
		};
		0C618D922A138B7E00A6D186 /* VIewModel */ = {
			isa = PBXGroup;
			children = (
				0C618DA22A138CC800A6D186 /* Word_ViewModel.swift */,
				0C618DA42A1396C700A6D186 /* PapagoNetworkManager.swift */,
			);
			path = VIewModel;
			sourceTree = "<group>";
		};
/* End PBXGroup section */

/* Begin PBXNativeTarget section */
		0C618D7A2A138B5F00A6D186 /* Word_list_App */ = {
			isa = PBXNativeTarget;
			buildConfigurationList = 0C618D8E2A138B6000A6D186 /* Build configuration list for PBXNativeTarget "Word_list_App" */;
			buildPhases = (
				0C618D772A138B5F00A6D186 /* Sources */,
				0C618D782A138B5F00A6D186 /* Frameworks */,
				0C618D792A138B5F00A6D186 /* Resources */,
			);
			buildRules = (
			);
			dependencies = (
			);
			name = Word_list_App;
			packageProductDependencies = (
				0C618D9E2A138C8200A6D186 /* Realm */,
				0C618DA02A138C8200A6D186 /* RealmSwift */,
			);
			productName = Word_list_App;
			productReference = 0C618D7B2A138B5F00A6D186 /* Word_list_App.app */;
			productType = "com.apple.product-type.application";
		};
/* End PBXNativeTarget section */

/* Begin PBXProject section */
		0C618D732A138B5F00A6D186 /* Project object */ = {
			isa = PBXProject;
			attributes = {
				BuildIndependentTargetsInParallel = 1;
				LastSwiftUpdateCheck = 1430;
				LastUpgradeCheck = 1430;
				TargetAttributes = {
					0C618D7A2A138B5F00A6D186 = {
						CreatedOnToolsVersion = 14.3;
					};
				};
			};
			buildConfigurationList = 0C618D762A138B5F00A6D186 /* Build configuration list for PBXProject "Word_list_App" */;
			compatibilityVersion = "Xcode 14.0";
			developmentRegion = en;
			hasScannedForEncodings = 0;
			knownRegions = (
				en,
				Base,
			);
			mainGroup = 0C618D722A138B5F00A6D186;
			packageReferences = (
				0C618D9D2A138C8200A6D186 /* XCRemoteSwiftPackageReference "realm-swift" */,
			);
			productRefGroup = 0C618D7C2A138B5F00A6D186 /* Products */;
			projectDirPath = "";
			projectRoot = "";
			targets = (
				0C618D7A2A138B5F00A6D186 /* Word_list_App */,
			);
		};
/* End PBXProject section */

/* Begin PBXResourcesBuildPhase section */
		0C618D792A138B5F00A6D186 /* Resources */ = {
			isa = PBXResourcesBuildPhase;
			buildActionMask = 2147483647;
			files = (
				0C618D862A138B6000A6D186 /* Preview Assets.xcassets in Resources */,
				0C618D832A138B6000A6D186 /* Assets.xcassets in Resources */,
			);
			runOnlyForDeploymentPostprocessing = 0;
		};
/* End PBXResourcesBuildPhase section */

/* Begin PBXSourcesBuildPhase section */
		0C618D772A138B5F00A6D186 /* Sources */ = {
			isa = PBXSourcesBuildPhase;
			buildActionMask = 2147483647;
			files = (
				0C618D942A138BAC00A6D186 /* Word_list_Cell.swift in Sources */,
				0C618DA32A138CC800A6D186 /* Word_ViewModel.swift in Sources */,
				0C618D9A2A138BFA00A6D186 /* Word_Edit_View.swift in Sources */,
				0C618D962A138BD800A6D186 /* Word_Detail_View.swift in Sources */,
				0C618DA52A1396C700A6D186 /* PapagoNetworkManager.swift in Sources */,
				0C618D812A138B5F00A6D186 /* ContentView.swift in Sources */,
				0C618D9C2A138C3B00A6D186 /* Words.swift in Sources */,
				0C618D7F2A138B5F00A6D186 /* Word_list_AppApp.swift in Sources */,
				0C618D982A138BEE00A6D186 /* Word_Add_View.swift in Sources */,
			);
			runOnlyForDeploymentPostprocessing = 0;
		};
/* End PBXSourcesBuildPhase section */

/* Begin XCBuildConfiguration section */
		0C618D8C2A138B6000A6D186 /* Debug */ = {
			isa = XCBuildConfiguration;
			buildSettings = {
				ALWAYS_SEARCH_USER_PATHS = NO;
				CLANG_ANALYZER_NONNULL = YES;
				CLANG_ANALYZER_NUMBER_OBJECT_CONVERSION = YES_AGGRESSIVE;
				CLANG_CXX_LANGUAGE_STANDARD = "gnu++20";
				CLANG_ENABLE_MODULES = YES;
				CLANG_ENABLE_OBJC_ARC = YES;
				CLANG_ENABLE_OBJC_WEAK = YES;
				CLANG_WARN_BLOCK_CAPTURE_AUTORELEASING = YES;
				CLANG_WARN_BOOL_CONVERSION = YES;
				CLANG_WARN_COMMA = YES;
				CLANG_WARN_CONSTANT_CONVERSION = YES;
				CLANG_WARN_DEPRECATED_OBJC_IMPLEMENTATIONS = YES;
				CLANG_WARN_DIRECT_OBJC_ISA_USAGE = YES_ERROR;
				CLANG_WARN_DOCUMENTATION_COMMENTS = YES;
				CLANG_WARN_EMPTY_BODY = YES;
				CLANG_WARN_ENUM_CONVERSION = YES;
				CLANG_WARN_INFINITE_RECURSION = YES;
				CLANG_WARN_INT_CONVERSION = YES;
				CLANG_WARN_NON_LITERAL_NULL_CONVERSION = YES;
				CLANG_WARN_OBJC_IMPLICIT_RETAIN_SELF = YES;
				CLANG_WARN_OBJC_LITERAL_CONVERSION = YES;
				CLANG_WARN_OBJC_ROOT_CLASS = YES_ERROR;
				CLANG_WARN_QUOTED_INCLUDE_IN_FRAMEWORK_HEADER = YES;
				CLANG_WARN_RANGE_LOOP_ANALYSIS = YES;
				CLANG_WARN_STRICT_PROTOTYPES = YES;
				CLANG_WARN_SUSPICIOUS_MOVE = YES;
				CLANG_WARN_UNGUARDED_AVAILABILITY = YES_AGGRESSIVE;
				CLANG_WARN_UNREACHABLE_CODE = YES;
				CLANG_WARN__DUPLICATE_METHOD_MATCH = YES;
				COPY_PHASE_STRIP = NO;
				DEBUG_INFORMATION_FORMAT = dwarf;
				ENABLE_STRICT_OBJC_MSGSEND = YES;
				ENABLE_TESTABILITY = YES;
				GCC_C_LANGUAGE_STANDARD = gnu11;
				GCC_DYNAMIC_NO_PIC = NO;
				GCC_NO_COMMON_BLOCKS = YES;
				GCC_OPTIMIZATION_LEVEL = 0;
				GCC_PREPROCESSOR_DEFINITIONS = (
					"DEBUG=1",
					"$(inherited)",
				);
				GCC_WARN_64_TO_32_BIT_CONVERSION = YES;
				GCC_WARN_ABOUT_RETURN_TYPE = YES_ERROR;
				GCC_WARN_UNDECLARED_SELECTOR = YES;
				GCC_WARN_UNINITIALIZED_AUTOS = YES_AGGRESSIVE;
				GCC_WARN_UNUSED_FUNCTION = YES;
				GCC_WARN_UNUSED_VARIABLE = YES;
				IPHONEOS_DEPLOYMENT_TARGET = 16.4;
				MTL_ENABLE_DEBUG_INFO = INCLUDE_SOURCE;
				MTL_FAST_MATH = YES;
				ONLY_ACTIVE_ARCH = YES;
				SDKROOT = iphoneos;
				SWIFT_ACTIVE_COMPILATION_CONDITIONS = DEBUG;
				SWIFT_OPTIMIZATION_LEVEL = "-Onone";
			};
			name = Debug;
		};
		0C618D8D2A138B6000A6D186 /* Release */ = {
			isa = XCBuildConfiguration;
			buildSettings = {
				ALWAYS_SEARCH_USER_PATHS = NO;
				CLANG_ANALYZER_NONNULL = YES;
				CLANG_ANALYZER_NUMBER_OBJECT_CONVERSION = YES_AGGRESSIVE;
				CLANG_CXX_LANGUAGE_STANDARD = "gnu++20";
				CLANG_ENABLE_MODULES = YES;
				CLANG_ENABLE_OBJC_ARC = YES;
				CLANG_ENABLE_OBJC_WEAK = YES;
				CLANG_WARN_BLOCK_CAPTURE_AUTORELEASING = YES;
				CLANG_WARN_BOOL_CONVERSION = YES;
				CLANG_WARN_COMMA = YES;
				CLANG_WARN_CONSTANT_CONVERSION = YES;
				CLANG_WARN_DEPRECATED_OBJC_IMPLEMENTATIONS = YES;
				CLANG_WARN_DIRECT_OBJC_ISA_USAGE = YES_ERROR;
				CLANG_WARN_DOCUMENTATION_COMMENTS = YES;
				CLANG_WARN_EMPTY_BODY = YES;
				CLANG_WARN_ENUM_CONVERSION = YES;
				CLANG_WARN_INFINITE_RECURSION = YES;
				CLANG_WARN_INT_CONVERSION = YES;
				CLANG_WARN_NON_LITERAL_NULL_CONVERSION = YES;
				CLANG_WARN_OBJC_IMPLICIT_RETAIN_SELF = YES;
				CLANG_WARN_OBJC_LITERAL_CONVERSION = YES;
				CLANG_WARN_OBJC_ROOT_CLASS = YES_ERROR;
				CLANG_WARN_QUOTED_INCLUDE_IN_FRAMEWORK_HEADER = YES;
				CLANG_WARN_RANGE_LOOP_ANALYSIS = YES;
				CLANG_WARN_STRICT_PROTOTYPES = YES;
				CLANG_WARN_SUSPICIOUS_MOVE = YES;
				CLANG_WARN_UNGUARDED_AVAILABILITY = YES_AGGRESSIVE;
				CLANG_WARN_UNREACHABLE_CODE = YES;
				CLANG_WARN__DUPLICATE_METHOD_MATCH = YES;
				COPY_PHASE_STRIP = NO;
				DEBUG_INFORMATION_FORMAT = "dwarf-with-dsym";
				ENABLE_NS_ASSERTIONS = NO;
				ENABLE_STRICT_OBJC_MSGSEND = YES;
				GCC_C_LANGUAGE_STANDARD = gnu11;
				GCC_NO_COMMON_BLOCKS = YES;
				GCC_WARN_64_TO_32_BIT_CONVERSION = YES;
				GCC_WARN_ABOUT_RETURN_TYPE = YES_ERROR;
				GCC_WARN_UNDECLARED_SELECTOR = YES;
				GCC_WARN_UNINITIALIZED_AUTOS = YES_AGGRESSIVE;
				GCC_WARN_UNUSED_FUNCTION = YES;
				GCC_WARN_UNUSED_VARIABLE = YES;
				IPHONEOS_DEPLOYMENT_TARGET = 16.4;
				MTL_ENABLE_DEBUG_INFO = NO;
				MTL_FAST_MATH = YES;
				SDKROOT = iphoneos;
				SWIFT_COMPILATION_MODE = wholemodule;
				SWIFT_OPTIMIZATION_LEVEL = "-O";
				VALIDATE_PRODUCT = YES;
			};
			name = Release;
		};
		0C618D8F2A138B6000A6D186 /* Debug */ = {
			isa = XCBuildConfiguration;
			buildSettings = {
				ASSETCATALOG_COMPILER_APPICON_NAME = AppIcon;
				ASSETCATALOG_COMPILER_GLOBAL_ACCENT_COLOR_NAME = AccentColor;
				CODE_SIGN_STYLE = Automatic;
				CURRENT_PROJECT_VERSION = 1;
				DEVELOPMENT_ASSET_PATHS = "\"Word_list_App/Preview Content\"";
				DEVELOPMENT_TEAM = 93DZ8D5L9D;
				ENABLE_PREVIEWS = YES;
				GENERATE_INFOPLIST_FILE = YES;
				INFOPLIST_KEY_UIApplicationSceneManifest_Generation = YES;
				INFOPLIST_KEY_UIApplicationSupportsIndirectInputEvents = YES;
				INFOPLIST_KEY_UILaunchScreen_Generation = YES;
				INFOPLIST_KEY_UISupportedInterfaceOrientations_iPad = "UIInterfaceOrientationPortrait UIInterfaceOrientationPortraitUpsideDown UIInterfaceOrientationLandscapeLeft UIInterfaceOrientationLandscapeRight";
				INFOPLIST_KEY_UISupportedInterfaceOrientations_iPhone = "UIInterfaceOrientationPortrait UIInterfaceOrientationLandscapeLeft UIInterfaceOrientationLandscapeRight";
				LD_RUNPATH_SEARCH_PATHS = (
					"$(inherited)",
					"@executable_path/Frameworks",
				);
				MARKETING_VERSION = 1.0;
				PRODUCT_BUNDLE_IDENTIFIER = "seongbae.Word-list-App";
				PRODUCT_NAME = "$(TARGET_NAME)";
				SWIFT_EMIT_LOC_STRINGS = YES;
				SWIFT_VERSION = 5.0;
				TARGETED_DEVICE_FAMILY = "1,2";
			};
			name = Debug;
		};
		0C618D902A138B6000A6D186 /* Release */ = {
			isa = XCBuildConfiguration;
			buildSettings = {
				ASSETCATALOG_COMPILER_APPICON_NAME = AppIcon;
				ASSETCATALOG_COMPILER_GLOBAL_ACCENT_COLOR_NAME = AccentColor;
				CODE_SIGN_STYLE = Automatic;
				CURRENT_PROJECT_VERSION = 1;
				DEVELOPMENT_ASSET_PATHS = "\"Word_list_App/Preview Content\"";
				DEVELOPMENT_TEAM = 93DZ8D5L9D;
				ENABLE_PREVIEWS = YES;
				GENERATE_INFOPLIST_FILE = YES;
				INFOPLIST_KEY_UIApplicationSceneManifest_Generation = YES;
				INFOPLIST_KEY_UIApplicationSupportsIndirectInputEvents = YES;
				INFOPLIST_KEY_UILaunchScreen_Generation = YES;
				INFOPLIST_KEY_UISupportedInterfaceOrientations_iPad = "UIInterfaceOrientationPortrait UIInterfaceOrientationPortraitUpsideDown UIInterfaceOrientationLandscapeLeft UIInterfaceOrientationLandscapeRight";
				INFOPLIST_KEY_UISupportedInterfaceOrientations_iPhone = "UIInterfaceOrientationPortrait UIInterfaceOrientationLandscapeLeft UIInterfaceOrientationLandscapeRight";
				LD_RUNPATH_SEARCH_PATHS = (
					"$(inherited)",
					"@executable_path/Frameworks",
				);
				MARKETING_VERSION = 1.0;
				PRODUCT_BUNDLE_IDENTIFIER = "seongbae.Word-list-App";
				PRODUCT_NAME = "$(TARGET_NAME)";
				SWIFT_EMIT_LOC_STRINGS = YES;
				SWIFT_VERSION = 5.0;
				TARGETED_DEVICE_FAMILY = "1,2";
			};
			name = Release;
		};
/* End XCBuildConfiguration section */

/* Begin XCConfigurationList section */
		0C618D762A138B5F00A6D186 /* Build configuration list for PBXProject "Word_list_App" */ = {
			isa = XCConfigurationList;
			buildConfigurations = (
				0C618D8C2A138B6000A6D186 /* Debug */,
				0C618D8D2A138B6000A6D186 /* Release */,
			);
			defaultConfigurationIsVisible = 0;
			defaultConfigurationName = Release;
		};
		0C618D8E2A138B6000A6D186 /* Build configuration list for PBXNativeTarget "Word_list_App" */ = {
			isa = XCConfigurationList;
			buildConfigurations = (
				0C618D8F2A138B6000A6D186 /* Debug */,
				0C618D902A138B6000A6D186 /* Release */,
			);
			defaultConfigurationIsVisible = 0;
			defaultConfigurationName = Release;
		};
/* End XCConfigurationList section */

/* Begin XCRemoteSwiftPackageReference section */
		0C618D9D2A138C8200A6D186 /* XCRemoteSwiftPackageReference "realm-swift" */ = {
			isa = XCRemoteSwiftPackageReference;
			repositoryURL = "https://github.com/realm/realm-swift.git";
			requirement = {
				branch = master;
				kind = branch;
			};
		};
/* End XCRemoteSwiftPackageReference section */

/* Begin XCSwiftPackageProductDependency section */
		0C618D9E2A138C8200A6D186 /* Realm */ = {
			isa = XCSwiftPackageProductDependency;
			package = 0C618D9D2A138C8200A6D186 /* XCRemoteSwiftPackageReference "realm-swift" */;
			productName = Realm;
		};
		0C618DA02A138C8200A6D186 /* RealmSwift */ = {
			isa = XCSwiftPackageProductDependency;
			package = 0C618D9D2A138C8200A6D186 /* XCRemoteSwiftPackageReference "realm-swift" */;
			productName = RealmSwift;
		};
/* End XCSwiftPackageProductDependency section */
	};
	rootObject = 0C618D732A138B5F00A6D186 /* Project object */;
}
